// !$*UTF8*$!
{
	archiveVersion = 1;
	classes = {
	};
	objectVersion = 48;
	objects = {

/* Begin PBXBuildFile section */
		5F1B647A23B683AC0042734D /* NoteDetailsViewController.swift in Sources */ = {isa = PBXBuildFile; fileRef = 5F1B647923B683AC0042734D /* NoteDetailsViewController.swift */; };
		5F5EE748239C2BB600725589 /* CheckBox2.swift in Sources */ = {isa = PBXBuildFile; fileRef = 5F5EE747239C2BB600725589 /* CheckBox2.swift */; };
		5F852EBB23AF85E000D64981 /* GoogleUser.swift in Sources */ = {isa = PBXBuildFile; fileRef = 5F852EBA23AF85E000D64981 /* GoogleUser.swift */; };
		5F852EBD23AF86A300D64981 /* CalendarEvent.swift in Sources */ = {isa = PBXBuildFile; fileRef = 5F852EBC23AF86A300D64981 /* CalendarEvent.swift */; };
		5F8F087323D63DF90005A1B0 /* LocalAuthentication.framework in Frameworks */ = {isa = PBXBuildFile; fileRef = 5F8F087223D63DF90005A1B0 /* LocalAuthentication.framework */; };
		5FA490F6239BFFEA0083F33B /* NoteTableViewCell.swift in Sources */ = {isa = PBXBuildFile; fileRef = 5FA490F5239BFFEA0083F33B /* NoteTableViewCell.swift */; };
		5FA490FE239C05CF0083F33B /* NoteTableViewController.swift in Sources */ = {isa = PBXBuildFile; fileRef = 5FA490FD239C05CF0083F33B /* NoteTableViewController.swift */; };
		5FE5C121239AD74C00BA2051 /* AppDelegate.swift in Sources */ = {isa = PBXBuildFile; fileRef = 5FE5C120239AD74C00BA2051 /* AppDelegate.swift */; };
		5FE5C123239AD74C00BA2051 /* NewNoteViewController.swift in Sources */ = {isa = PBXBuildFile; fileRef = 5FE5C122239AD74C00BA2051 /* NewNoteViewController.swift */; };
		5FE5C126239AD74C00BA2051 /* Main.storyboard in Resources */ = {isa = PBXBuildFile; fileRef = 5FE5C124239AD74C00BA2051 /* Main.storyboard */; };
		5FE5C128239AD74C00BA2051 /* Assets.xcassets in Resources */ = {isa = PBXBuildFile; fileRef = 5FE5C127239AD74C00BA2051 /* Assets.xcassets */; };
		5FE5C12B239AD74C00BA2051 /* LaunchScreen.storyboard in Resources */ = {isa = PBXBuildFile; fileRef = 5FE5C129239AD74C00BA2051 /* LaunchScreen.storyboard */; };
		5FE5C133239ADE9300BA2051 /* CheckBox.swift in Sources */ = {isa = PBXBuildFile; fileRef = 5FE5C132239ADE9300BA2051 /* CheckBox.swift */; };
		5FE5C138239B137E00BA2051 /* libsqlite3.tbd in Frameworks */ = {isa = PBXBuildFile; fileRef = 5FE5C137239B137D00BA2051 /* libsqlite3.tbd */; };
		5FE5C13A239B140500BA2051 /* NoteModel.swift in Sources */ = {isa = PBXBuildFile; fileRef = 5FE5C139239B140500BA2051 /* NoteModel.swift */; };
		5FE5C13C239B16D100BA2051 /* DBHelper.swift in Sources */ = {isa = PBXBuildFile; fileRef = 5FE5C13B239B16D100BA2051 /* DBHelper.swift */; };
/* End PBXBuildFile section */

/* Begin PBXFileReference section */
		5F1B647923B683AC0042734D /* NoteDetailsViewController.swift */ = {isa = PBXFileReference; lastKnownFileType = sourcecode.swift; path = NoteDetailsViewController.swift; sourceTree = "<group>"; };
		5F5EE747239C2BB600725589 /* CheckBox2.swift */ = {isa = PBXFileReference; lastKnownFileType = sourcecode.swift; path = CheckBox2.swift; sourceTree = "<group>"; };
		5F852EBA23AF85E000D64981 /* GoogleUser.swift */ = {isa = PBXFileReference; lastKnownFileType = sourcecode.swift; path = GoogleUser.swift; sourceTree = "<group>"; };
		5F852EBC23AF86A300D64981 /* CalendarEvent.swift */ = {isa = PBXFileReference; lastKnownFileType = sourcecode.swift; path = CalendarEvent.swift; sourceTree = "<group>"; };
		5F8F087223D63DF90005A1B0 /* LocalAuthentication.framework */ = {isa = PBXFileReference; lastKnownFileType = wrapper.framework; name = LocalAuthentication.framework; path = System/Library/Frameworks/LocalAuthentication.framework; sourceTree = SDKROOT; };
		5FA490F5239BFFEA0083F33B /* NoteTableViewCell.swift */ = {isa = PBXFileReference; lastKnownFileType = sourcecode.swift; path = NoteTableViewCell.swift; sourceTree = "<group>"; };
		5FA490FD239C05CF0083F33B /* NoteTableViewController.swift */ = {isa = PBXFileReference; lastKnownFileType = sourcecode.swift; path = NoteTableViewController.swift; sourceTree = "<group>"; };
		5FE5C11D239AD74C00BA2051 /* Notes.app */ = {isa = PBXFileReference; explicitFileType = wrapper.application; includeInIndex = 0; path = Notes.app; sourceTree = BUILT_PRODUCTS_DIR; };
		5FE5C120239AD74C00BA2051 /* AppDelegate.swift */ = {isa = PBXFileReference; lastKnownFileType = sourcecode.swift; path = AppDelegate.swift; sourceTree = "<group>"; };
		5FE5C122239AD74C00BA2051 /* NewNoteViewController.swift */ = {isa = PBXFileReference; lastKnownFileType = sourcecode.swift; path = NewNoteViewController.swift; sourceTree = "<group>"; };
		5FE5C125239AD74C00BA2051 /* Base */ = {isa = PBXFileReference; lastKnownFileType = file.storyboard; name = Base; path = Base.lproj/Main.storyboard; sourceTree = "<group>"; };
		5FE5C127239AD74C00BA2051 /* Assets.xcassets */ = {isa = PBXFileReference; lastKnownFileType = folder.assetcatalog; path = Assets.xcassets; sourceTree = "<group>"; };
		5FE5C12A239AD74C00BA2051 /* Base */ = {isa = PBXFileReference; lastKnownFileType = file.storyboard; name = Base; path = Base.lproj/LaunchScreen.storyboard; sourceTree = "<group>"; };
		5FE5C12C239AD74C00BA2051 /* Info.plist */ = {isa = PBXFileReference; lastKnownFileType = text.plist.xml; path = Info.plist; sourceTree = "<group>"; };
		5FE5C132239ADE9300BA2051 /* CheckBox.swift */ = {isa = PBXFileReference; lastKnownFileType = sourcecode.swift; path = CheckBox.swift; sourceTree = "<group>"; };
		5FE5C137239B137D00BA2051 /* libsqlite3.tbd */ = {isa = PBXFileReference; lastKnownFileType = "sourcecode.text-based-dylib-definition"; name = libsqlite3.tbd; path = usr/lib/libsqlite3.tbd; sourceTree = SDKROOT; };
		5FE5C139239B140500BA2051 /* NoteModel.swift */ = {isa = PBXFileReference; lastKnownFileType = sourcecode.swift; path = NoteModel.swift; sourceTree = "<group>"; };
		5FE5C13B239B16D100BA2051 /* DBHelper.swift */ = {isa = PBXFileReference; lastKnownFileType = sourcecode.swift; path = DBHelper.swift; sourceTree = "<group>"; };
/* End PBXFileReference section */

/* Begin PBXFrameworksBuildPhase section */
		5FE5C11A239AD74C00BA2051 /* Frameworks */ = {
			isa = PBXFrameworksBuildPhase;
			buildActionMask = 2147483647;
			files = (
				5F8F087323D63DF90005A1B0 /* LocalAuthentication.framework in Frameworks */,
				5FE5C138239B137E00BA2051 /* libsqlite3.tbd in Frameworks */,
			);
			runOnlyForDeploymentPostprocessing = 0;
		};
/* End PBXFrameworksBuildPhase section */

/* Begin PBXGroup section */
		5FE5C114239AD74B00BA2051 = {
			isa = PBXGroup;
			children = (
				5FE5C11F239AD74C00BA2051 /* Notes */,
				5FE5C11E239AD74C00BA2051 /* Products */,
				5FE5C136239B137D00BA2051 /* Frameworks */,
			);
			sourceTree = "<group>";
		};
		5FE5C11E239AD74C00BA2051 /* Products */ = {
			isa = PBXGroup;
			children = (
				5FE5C11D239AD74C00BA2051 /* Notes.app */,
			);
			name = Products;
			sourceTree = "<group>";
		};
		5FE5C11F239AD74C00BA2051 /* Notes */ = {
			isa = PBXGroup;
			children = (
				5FE5C120239AD74C00BA2051 /* AppDelegate.swift */,
				5FE5C122239AD74C00BA2051 /* NewNoteViewController.swift */,
				5FE5C124239AD74C00BA2051 /* Main.storyboard */,
				5FE5C127239AD74C00BA2051 /* Assets.xcassets */,
				5FE5C129239AD74C00BA2051 /* LaunchScreen.storyboard */,
				5FE5C12C239AD74C00BA2051 /* Info.plist */,
				5FE5C132239ADE9300BA2051 /* CheckBox.swift */,
				5FE5C139239B140500BA2051 /* NoteModel.swift */,
				5FE5C13B239B16D100BA2051 /* DBHelper.swift */,
				5FA490F5239BFFEA0083F33B /* NoteTableViewCell.swift */,
				5FA490FD239C05CF0083F33B /* NoteTableViewController.swift */,
				5F5EE747239C2BB600725589 /* CheckBox2.swift */,
				5F852EBA23AF85E000D64981 /* GoogleUser.swift */,
				5F852EBC23AF86A300D64981 /* CalendarEvent.swift */,
				5F1B647923B683AC0042734D /* NoteDetailsViewController.swift */,
			);
			path = Notes;
			sourceTree = "<group>";
		};
		5FE5C136239B137D00BA2051 /* Frameworks */ = {
			isa = PBXGroup;
			children = (
				5F8F087223D63DF90005A1B0 /* LocalAuthentication.framework */,
				5FE5C137239B137D00BA2051 /* libsqlite3.tbd */,
			);
			name = Frameworks;
			sourceTree = "<group>";
		};
/* End PBXGroup section */

/* Begin PBXNativeTarget section */
		5FE5C11C239AD74C00BA2051 /* Notes */ = {
			isa = PBXNativeTarget;
			buildConfigurationList = 5FE5C12F239AD74C00BA2051 /* Build configuration list for PBXNativeTarget "Notes" */;
			buildPhases = (
				5FE5C119239AD74C00BA2051 /* Sources */,
				5FE5C11A239AD74C00BA2051 /* Frameworks */,
				5FE5C11B239AD74C00BA2051 /* Resources */,
			);
			buildRules = (
			);
			dependencies = (
			);
			name = Notes;
			productName = Notes;
			productReference = 5FE5C11D239AD74C00BA2051 /* Notes.app */;
			productType = "com.apple.product-type.application";
		};
/* End PBXNativeTarget section */

/* Begin PBXProject section */
		5FE5C115239AD74B00BA2051 /* Project object */ = {
			isa = PBXProject;
			attributes = {
				LastSwiftUpdateCheck = 0920;
				LastUpgradeCheck = 0920;
				ORGANIZATIONNAME = mw;
				TargetAttributes = {
					5FE5C11C239AD74C00BA2051 = {
						CreatedOnToolsVersion = 9.2;
						ProvisioningStyle = Automatic;
					};
				};
			};
			buildConfigurationList = 5FE5C118239AD74B00BA2051 /* Build configuration list for PBXProject "Notes" */;
			compatibilityVersion = "Xcode 8.0";
			developmentRegion = en;
			hasScannedForEncodings = 0;
			knownRegions = (
				en,
				Base,
			);
			mainGroup = 5FE5C114239AD74B00BA2051;
			productRefGroup = 5FE5C11E239AD74C00BA2051 /* Products */;
			projectDirPath = "";
			projectRoot = "";
			targets = (
				5FE5C11C239AD74C00BA2051 /* Notes */,
			);
		};
/* End PBXProject section */

/* Begin PBXResourcesBuildPhase section */
		5FE5C11B239AD74C00BA2051 /* Resources */ = {
			isa = PBXResourcesBuildPhase;
			buildActionMask = 2147483647;
			files = (
				5FE5C12B239AD74C00BA2051 /* LaunchScreen.storyboard in Resources */,
				5FE5C128239AD74C00BA2051 /* Assets.xcassets in Resources */,
				5FE5C126239AD74C00BA2051 /* Main.storyboard in Resources */,
			);
			runOnlyForDeploymentPostprocessing = 0;
		};
/* End PBXResourcesBuildPhase section */

/* Begin PBXSourcesBuildPhase section */
		5FE5C119239AD74C00BA2051 /* Sources */ = {
			isa = PBXSourcesBuildPhase;
			buildActionMask = 2147483647;
			files = (
				5F852EBD23AF86A300D64981 /* CalendarEvent.swift in Sources */,
				5F852EBB23AF85E000D64981 /* GoogleUser.swift in Sources */,
				5FA490FE239C05CF0083F33B /* NoteTableViewController.swift in Sources */,
				5FE5C123239AD74C00BA2051 /* NewNoteViewController.swift in Sources */,
				5FE5C13A239B140500BA2051 /* NoteModel.swift in Sources */,
				5F5EE748239C2BB600725589 /* CheckBox2.swift in Sources */,
				5FE5C13C239B16D100BA2051 /* DBHelper.swift in Sources */,
				5F1B647A23B683AC0042734D /* NoteDetailsViewController.swift in Sources */,
				5FE5C121239AD74C00BA2051 /* AppDelegate.swift in Sources */,
				5FE5C133239ADE9300BA2051 /* CheckBox.swift in Sources */,
				5FA490F6239BFFEA0083F33B /* NoteTableViewCell.swift in Sources */,
			);
			runOnlyForDeploymentPostprocessing = 0;
		};
/* End PBXSourcesBuildPhase section */

/* Begin PBXVariantGroup section */
		5FE5C124239AD74C00BA2051 /* Main.storyboard */ = {
			isa = PBXVariantGroup;
			children = (
				5FE5C125239AD74C00BA2051 /* Base */,
			);
			name = Main.storyboard;
			sourceTree = "<group>";
		};
		5FE5C129239AD74C00BA2051 /* LaunchScreen.storyboard */ = {
			isa = PBXVariantGroup;
			children = (
				5FE5C12A239AD74C00BA2051 /* Base */,
			);
			name = LaunchScreen.storyboard;
			sourceTree = "<group>";
		};
/* End PBXVariantGroup section */

/* Begin XCBuildConfiguration section */
		5FE5C12D239AD74C00BA2051 /* Debug */ = {
			isa = XCBuildConfiguration;
			buildSettings = {
				ALWAYS_SEARCH_USER_PATHS = NO;
				CLANG_ANALYZER_NONNULL = YES;
				CLANG_ANALYZER_NUMBER_OBJECT_CONVERSION = YES_AGGRESSIVE;
				CLANG_CXX_LANGUAGE_STANDARD = "gnu++14";
				CLANG_CXX_LIBRARY = "libc++";
				CLANG_ENABLE_MODULES = YES;
				CLANG_ENABLE_OBJC_ARC = YES;
				CLANG_WARN_BLOCK_CAPTURE_AUTORELEASING = YES;
				CLANG_WARN_BOOL_CONVERSION = YES;
				CLANG_WARN_COMMA = YES;
				CLANG_WARN_CONSTANT_CONVERSION = YES;
				CLANG_WARN_DIRECT_OBJC_ISA_USAGE = YES_ERROR;
				CLANG_WARN_DOCUMENTATION_COMMENTS = YES;
				CLANG_WARN_EMPTY_BODY = YES;
				CLANG_WARN_ENUM_CONVERSION = YES;
				CLANG_WARN_INFINITE_RECURSION = YES;
				CLANG_WARN_INT_CONVERSION = YES;
				CLANG_WARN_NON_LITERAL_NULL_CONVERSION = YES;
				CLANG_WARN_OBJC_LITERAL_CONVERSION = YES;
				CLANG_WARN_OBJC_ROOT_CLASS = YES_ERROR;
				CLANG_WARN_RANGE_LOOP_ANALYSIS = YES;
				CLANG_WARN_STRICT_PROTOTYPES = YES;
				CLANG_WARN_SUSPICIOUS_MOVE = YES;
				CLANG_WARN_UNGUARDED_AVAILABILITY = YES_AGGRESSIVE;
				CLANG_WARN_UNREACHABLE_CODE = YES;
				CLANG_WARN__DUPLICATE_METHOD_MATCH = YES;
				CODE_SIGN_IDENTITY = "iPhone Developer";
				COPY_PHASE_STRIP = NO;
				DEBUG_INFORMATION_FORMAT = dwarf;
				ENABLE_STRICT_OBJC_MSGSEND = YES;
				ENABLE_TESTABILITY = YES;
				GCC_C_LANGUAGE_STANDARD = gnu11;
				GCC_DYNAMIC_NO_PIC = NO;
				GCC_NO_COMMON_BLOCKS = YES;
				GCC_OPTIMIZATION_LEVEL = 0;
				GCC_PREPROCESSOR_DEFINITIONS = (
					"DEBUG=1",
					"$(inherited)",
				);
				GCC_WARN_64_TO_32_BIT_CONVERSION = YES;
				GCC_WARN_ABOUT_RETURN_TYPE = YES_ERROR;
				GCC_WARN_UNDECLARED_SELECTOR = YES;
				GCC_WARN_UNINITIALIZED_AUTOS = YES_AGGRESSIVE;
				GCC_WARN_UNUSED_FUNCTION = YES;
				GCC_WARN_UNUSED_VARIABLE = YES;
				IPHONEOS_DEPLOYMENT_TARGET = 11.2;
				MTL_ENABLE_DEBUG_INFO = YES;
				ONLY_ACTIVE_ARCH = YES;
				SDKROOT = iphoneos;
				SWIFT_ACTIVE_COMPILATION_CONDITIONS = DEBUG;
				SWIFT_OPTIMIZATION_LEVEL = "-Onone";
			};
			name = Debug;
		};
		5FE5C12E239AD74C00BA2051 /* Release */ = {
			isa = XCBuildConfiguration;
			buildSettings = {
				ALWAYS_SEARCH_USER_PATHS = NO;
				CLANG_ANALYZER_NONNULL = YES;
				CLANG_ANALYZER_NUMBER_OBJECT_CONVERSION = YES_AGGRESSIVE;
				CLANG_CXX_LANGUAGE_STANDARD = "gnu++14";
				CLANG_CXX_LIBRARY = "libc++";
				CLANG_ENABLE_MODULES = YES;
				CLANG_ENABLE_OBJC_ARC = YES;
				CLANG_WARN_BLOCK_CAPTURE_AUTORELEASING = YES;
				CLANG_WARN_BOOL_CONVERSION = YES;
				CLANG_WARN_COMMA = YES;
				CLANG_WARN_CONSTANT_CONVERSION = YES;
				CLANG_WARN_DIRECT_OBJC_ISA_USAGE = YES_ERROR;
				CLANG_WARN_DOCUMENTATION_COMMENTS = YES;
				CLANG_WARN_EMPTY_BODY = YES;
				CLANG_WARN_ENUM_CONVERSION = YES;
				CLANG_WARN_INFINITE_RECURSION = YES;
				CLANG_WARN_INT_CONVERSION = YES;
				CLANG_WARN_NON_LITERAL_NULL_CONVERSION = YES;
				CLANG_WARN_OBJC_LITERAL_CONVERSION = YES;
				CLANG_WARN_OBJC_ROOT_CLASS = YES_ERROR;
				CLANG_WARN_RANGE_LOOP_ANALYSIS = YES;
				CLANG_WARN_STRICT_PROTOTYPES = YES;
				CLANG_WARN_SUSPICIOUS_MOVE = YES;
				CLANG_WARN_UNGUARDED_AVAILABILITY = YES_AGGRESSIVE;
				CLANG_WARN_UNREACHABLE_CODE = YES;
				CLANG_WARN__DUPLICATE_METHOD_MATCH = YES;
				CODE_SIGN_IDENTITY = "iPhone Developer";
				COPY_PHASE_STRIP = NO;
				DEBUG_INFORMATION_FORMAT = "dwarf-with-dsym";
				ENABLE_NS_ASSERTIONS = NO;
				ENABLE_STRICT_OBJC_MSGSEND = YES;
				GCC_C_LANGUAGE_STANDARD = gnu11;
				GCC_NO_COMMON_BLOCKS = YES;
				GCC_WARN_64_TO_32_BIT_CONVERSION = YES;
				GCC_WARN_ABOUT_RETURN_TYPE = YES_ERROR;
				GCC_WARN_UNDECLARED_SELECTOR = YES;
				GCC_WARN_UNINITIALIZED_AUTOS = YES_AGGRESSIVE;
				GCC_WARN_UNUSED_FUNCTION = YES;
				GCC_WARN_UNUSED_VARIABLE = YES;
				IPHONEOS_DEPLOYMENT_TARGET = 11.2;
				MTL_ENABLE_DEBUG_INFO = NO;
				SDKROOT = iphoneos;
				SWIFT_OPTIMIZATION_LEVEL = "-Owholemodule";
				VALIDATE_PRODUCT = YES;
			};
			name = Release;
		};
		5FE5C130239AD74C00BA2051 /* Debug */ = {
			isa = XCBuildConfiguration;
			buildSettings = {
				ASSETCATALOG_COMPILER_APPICON_NAME = AppIcon;
				"CODE_SIGN_IDENTITY[sdk=iphoneos*]" = "iPhone Developer";
				CODE_SIGN_STYLE = Automatic;
				DEVELOPMENT_TEAM = K3NYGGXF4G;
				INFOPLIST_FILE = Notes/Info.plist;
				LD_RUNPATH_SEARCH_PATHS = "$(inherited) @executable_path/Frameworks";
				PRODUCT_BUNDLE_IDENTIFIER = pl.wawra.Notes;
				PRODUCT_NAME = "$(TARGET_NAME)";
				PROVISIONING_PROFILE_SPECIFIER = "";
				SWIFT_VERSION = 4.0;
				TARGETED_DEVICE_FAMILY = 1;
			};
			name = Debug;
		};
		5FE5C131239AD74C00BA2051 /* Release */ = {
			isa = XCBuildConfiguration;
			buildSettings = {
				ASSETCATALOG_COMPILER_APPICON_NAME = AppIcon;
				"CODE_SIGN_IDENTITY[sdk=iphoneos*]" = "iPhone Developer";
				CODE_SIGN_STYLE = Automatic;
				DEVELOPMENT_TEAM = K3NYGGXF4G;
				INFOPLIST_FILE = Notes/Info.plist;
				LD_RUNPATH_SEARCH_PATHS = "$(inherited) @executable_path/Frameworks";
				PRODUCT_BUNDLE_IDENTIFIER = pl.wawra.Notes;
				PRODUCT_NAME = "$(TARGET_NAME)";
				PROVISIONING_PROFILE_SPECIFIER = "";
				SWIFT_VERSION = 4.0;
				TARGETED_DEVICE_FAMILY = 1;
			};
			name = Release;
		};
/* End XCBuildConfiguration section */

/* Begin XCConfigurationList section */
		5FE5C118239AD74B00BA2051 /* Build configuration list for PBXProject "Notes" */ = {
			isa = XCConfigurationList;
			buildConfigurations = (
				5FE5C12D239AD74C00BA2051 /* Debug */,
				5FE5C12E239AD74C00BA2051 /* Release */,
			);
			defaultConfigurationIsVisible = 0;
			defaultConfigurationName = Release;
		};
		5FE5C12F239AD74C00BA2051 /* Build configuration list for PBXNativeTarget "Notes" */ = {
			isa = XCConfigurationList;
			buildConfigurations = (
				5FE5C130239AD74C00BA2051 /* Debug */,
				5FE5C131239AD74C00BA2051 /* Release */,
			);
			defaultConfigurationIsVisible = 0;
			defaultConfigurationName = Release;
		};
/* End XCConfigurationList section */
	};
	rootObject = 5FE5C115239AD74B00BA2051 /* Project object */;
}
